
Microsoft Visual Studio Solution File, Format Version 12.00
# Visual Studio Version 16
VisualStudioVersion = 16.0.30225.117
MinimumVisualStudioVersion = 10.0.40219.1
Project("{FAE04EC0-301F-11D3-BF4B-00C04F79EFBC}") = "WindowsFormsApp99", "WindowsFormsApp99\WindowsFormsApp99.csproj", "{45446CDE-EE90-45B8-A8E4-38329773253E}"
EndProject
Global
	GlobalSection(SolutionConfigurationPlatforms) = preSolution
		Debug|Any CPU = Debug|Any CPU
		Release|Any CPU = Release|Any CPU
	EndGlobalSection
	GlobalSection(ProjectConfigurationPlatforms) = postSolution
		{45446CDE-EE90-45B8-A8E4-38329773253E}.Debug|Any CPU.ActiveCfg = Debug|Any CPU
		{45446CDE-EE90-45B8-A8E4-38329773253E}.Debug|Any CPU.Build.0 = Debug|Any CPU
		{45446CDE-EE90-45B8-A8E4-38329773253E}.Release|Any CPU.ActiveCfg = Release|Any CPU
		{45446CDE-EE90-45B8-A8E4-38329773253E}.Release|Any CPU.Build.0 = Release|Any CPU
	EndGlobalSection
	GlobalSection(SolutionProperties) = preSolution
		HideSolutionNode = FALSE
	EndGlobalSection
	GlobalSection(ExtensibilityGlobals) = postSolution
		SolutionGuid = {8C8BC831-FA13-444F-B8F6-351B9FDA7A79}
	EndGlobalSection
EndGlobal
